// !$*UTF8*$!
{
	archiveVersion = 1;
	classes = {
	};
	objectVersion = 46;
	objects = {

/* Begin PBXBuildFile section */
		85C4709B1D6B09CE000EB144 /* NewViewController.swift in Sources */ = {isa = PBXBuildFile; fileRef = 85C4709A1D6B09CE000EB144 /* NewViewController.swift */; };
		85E70DCA1D4A0ABD00AC3089 /* AppDelegate.swift in Sources */ = {isa = PBXBuildFile; fileRef = 85E70DC91D4A0ABD00AC3089 /* AppDelegate.swift */; };
		85E70DCC1D4A0ABD00AC3089 /* ViewController.swift in Sources */ = {isa = PBXBuildFile; fileRef = 85E70DCB1D4A0ABD00AC3089 /* ViewController.swift */; };
		85E70DCF1D4A0ABD00AC3089 /* Main.storyboard in Resources */ = {isa = PBXBuildFile; fileRef = 85E70DCD1D4A0ABD00AC3089 /* Main.storyboard */; };
		85E70DD11D4A0ABD00AC3089 /* Assets.xcassets in Resources */ = {isa = PBXBuildFile; fileRef = 85E70DD01D4A0ABD00AC3089 /* Assets.xcassets */; };
		85E70DD41D4A0ABD00AC3089 /* LaunchScreen.storyboard in Resources */ = {isa = PBXBuildFile; fileRef = 85E70DD21D4A0ABD00AC3089 /* LaunchScreen.storyboard */; };
		85E70DE51D4A34B600AC3089 /* ysocket.swift in Sources */ = {isa = PBXBuildFile; fileRef = 85E70DE41D4A34B600AC3089 /* ysocket.swift */; };
		85E70DE91D4A359B00AC3089 /* ytcpsocket.c in Sources */ = {isa = PBXBuildFile; fileRef = 85E70DE71D4A359B00AC3089 /* ytcpsocket.c */; };
		85E70DEA1D4A359B00AC3089 /* ytcpsocket.swift in Sources */ = {isa = PBXBuildFile; fileRef = 85E70DE81D4A359B00AC3089 /* ytcpsocket.swift */; };
		BFCD1A72B98377B3F620264E /* Pods_samlesocket.framework in Frameworks */ = {isa = PBXBuildFile; fileRef = EA6F4B180BF88060C853CD07 /* Pods_samlesocket.framework */; };
/* End PBXBuildFile section */

/* Begin PBXFileReference section */
		85C4709A1D6B09CE000EB144 /* NewViewController.swift */ = {isa = PBXFileReference; fileEncoding = 4; lastKnownFileType = sourcecode.swift; path = NewViewController.swift; sourceTree = "<group>"; };
		85E70DC61D4A0ABD00AC3089 /* samlesocket.app */ = {isa = PBXFileReference; explicitFileType = wrapper.application; includeInIndex = 0; path = samlesocket.app; sourceTree = BUILT_PRODUCTS_DIR; };
		85E70DC91D4A0ABD00AC3089 /* AppDelegate.swift */ = {isa = PBXFileReference; lastKnownFileType = sourcecode.swift; path = AppDelegate.swift; sourceTree = "<group>"; };
		85E70DCB1D4A0ABD00AC3089 /* ViewController.swift */ = {isa = PBXFileReference; lastKnownFileType = sourcecode.swift; path = ViewController.swift; sourceTree = "<group>"; };
		85E70DCE1D4A0ABD00AC3089 /* Base */ = {isa = PBXFileReference; lastKnownFileType = file.storyboard; name = Base; path = Base.lproj/Main.storyboard; sourceTree = "<group>"; };
		85E70DD01D4A0ABD00AC3089 /* Assets.xcassets */ = {isa = PBXFileReference; lastKnownFileType = folder.assetcatalog; path = Assets.xcassets; sourceTree = "<group>"; };
		85E70DD31D4A0ABD00AC3089 /* Base */ = {isa = PBXFileReference; lastKnownFileType = file.storyboard; name = Base; path = Base.lproj/LaunchScreen.storyboard; sourceTree = "<group>"; };
		85E70DD51D4A0ABD00AC3089 /* Info.plist */ = {isa = PBXFileReference; lastKnownFileType = text.plist.xml; path = Info.plist; sourceTree = "<group>"; };
		85E70DE41D4A34B600AC3089 /* ysocket.swift */ = {isa = PBXFileReference; fileEncoding = 4; lastKnownFileType = sourcecode.swift; path = ysocket.swift; sourceTree = "<group>"; };
		85E70DE61D4A359A00AC3089 /* samlesocket-Bridging-Header.h */ = {isa = PBXFileReference; lastKnownFileType = sourcecode.c.h; path = "samlesocket-Bridging-Header.h"; sourceTree = "<group>"; };
		85E70DE71D4A359B00AC3089 /* ytcpsocket.c */ = {isa = PBXFileReference; fileEncoding = 4; lastKnownFileType = sourcecode.c.c; path = ytcpsocket.c; sourceTree = "<group>"; };
		85E70DE81D4A359B00AC3089 /* ytcpsocket.swift */ = {isa = PBXFileReference; fileEncoding = 4; lastKnownFileType = sourcecode.swift; path = ytcpsocket.swift; sourceTree = "<group>"; };
		CE2A651EB957151751A41451 /* Pods-samlesocket.release.xcconfig */ = {isa = PBXFileReference; includeInIndex = 1; lastKnownFileType = text.xcconfig; name = "Pods-samlesocket.release.xcconfig"; path = "Pods/Target Support Files/Pods-samlesocket/Pods-samlesocket.release.xcconfig"; sourceTree = "<group>"; };
		E7B670010AFE6B7173763265 /* Pods-samlesocket.debug.xcconfig */ = {isa = PBXFileReference; includeInIndex = 1; lastKnownFileType = text.xcconfig; name = "Pods-samlesocket.debug.xcconfig"; path = "Pods/Target Support Files/Pods-samlesocket/Pods-samlesocket.debug.xcconfig"; sourceTree = "<group>"; };
		EA6F4B180BF88060C853CD07 /* Pods_samlesocket.framework */ = {isa = PBXFileReference; explicitFileType = wrapper.framework; includeInIndex = 0; path = Pods_samlesocket.framework; sourceTree = BUILT_PRODUCTS_DIR; };
/* End PBXFileReference section */

/* Begin PBXFrameworksBuildPhase section */
		85E70DC31D4A0ABD00AC3089 /* Frameworks */ = {
			isa = PBXFrameworksBuildPhase;
			buildActionMask = 2147483647;
			files = (
				BFCD1A72B98377B3F620264E /* Pods_samlesocket.framework in Frameworks */,
			);
			runOnlyForDeploymentPostprocessing = 0;
		};
/* End PBXFrameworksBuildPhase section */

/* Begin PBXGroup section */
		25FF59552954F1BD2F671074 /* Pods */ = {
			isa = PBXGroup;
			children = (
				E7B670010AFE6B7173763265 /* Pods-samlesocket.debug.xcconfig */,
				CE2A651EB957151751A41451 /* Pods-samlesocket.release.xcconfig */,
			);
			name = Pods;
			sourceTree = "<group>";
		};
		85E70DBD1D4A0ABD00AC3089 = {
			isa = PBXGroup;
			children = (
				85E70DC81D4A0ABD00AC3089 /* samlesocket */,
				85E70DC71D4A0ABD00AC3089 /* Products */,
				25FF59552954F1BD2F671074 /* Pods */,
				B8CFAE04065208153CDF7832 /* Frameworks */,
			);
			sourceTree = "<group>";
		};
		85E70DC71D4A0ABD00AC3089 /* Products */ = {
			isa = PBXGroup;
			children = (
				85E70DC61D4A0ABD00AC3089 /* samlesocket.app */,
			);
			name = Products;
			sourceTree = "<group>";
		};
		85E70DC81D4A0ABD00AC3089 /* samlesocket */ = {
			isa = PBXGroup;
			children = (
				85E70DE41D4A34B600AC3089 /* ysocket.swift */,
				85E70DE71D4A359B00AC3089 /* ytcpsocket.c */,
				85E70DE81D4A359B00AC3089 /* ytcpsocket.swift */,
				85E70DC91D4A0ABD00AC3089 /* AppDelegate.swift */,
				85E70DCB1D4A0ABD00AC3089 /* ViewController.swift */,
				85C4709A1D6B09CE000EB144 /* NewViewController.swift */,
				85E70DCD1D4A0ABD00AC3089 /* Main.storyboard */,
				85E70DD01D4A0ABD00AC3089 /* Assets.xcassets */,
				85E70DD21D4A0ABD00AC3089 /* LaunchScreen.storyboard */,
				85E70DD51D4A0ABD00AC3089 /* Info.plist */,
				85E70DE61D4A359A00AC3089 /* samlesocket-Bridging-Header.h */,
			);
			path = samlesocket;
			sourceTree = "<group>";
		};
		B8CFAE04065208153CDF7832 /* Frameworks */ = {
			isa = PBXGroup;
			children = (
				EA6F4B180BF88060C853CD07 /* Pods_samlesocket.framework */,
			);
			name = Frameworks;
			sourceTree = "<group>";
		};
/* End PBXGroup section */

/* Begin PBXNativeTarget section */
		85E70DC51D4A0ABD00AC3089 /* samlesocket */ = {
			isa = PBXNativeTarget;
			buildConfigurationList = 85E70DD81D4A0ABD00AC3089 /* Build configuration list for PBXNativeTarget "samlesocket" */;
			buildPhases = (
				35E5CF2C9B2DEC4FCF8A0815 /* [CP] Check Pods Manifest.lock */,
				85E70DC21D4A0ABD00AC3089 /* Sources */,
				85E70DC31D4A0ABD00AC3089 /* Frameworks */,
				85E70DC41D4A0ABD00AC3089 /* Resources */,
				72208FE233785F7E89D94E37 /* [CP] Embed Pods Frameworks */,
				F4AD4B75C6153825032E38B5 /* [CP] Copy Pods Resources */,
			);
			buildRules = (
			);
			dependencies = (
			);
			name = samlesocket;
			productName = samlesocket;
			productReference = 85E70DC61D4A0ABD00AC3089 /* samlesocket.app */;
			productType = "com.apple.product-type.application";
		};
/* End PBXNativeTarget section */

/* Begin PBXProject section */
		85E70DBE1D4A0ABD00AC3089 /* Project object */ = {
			isa = PBXProject;
			attributes = {
				LastSwiftUpdateCheck = 0730;
				LastUpgradeCheck = 0730;
				ORGANIZATIONNAME = "Vineeth Vijayan";
				TargetAttributes = {
					85E70DC51D4A0ABD00AC3089 = {
						CreatedOnToolsVersion = 7.3;
					};
				};
			};
			buildConfigurationList = 85E70DC11D4A0ABD00AC3089 /* Build configuration list for PBXProject "samlesocket" */;
			compatibilityVersion = "Xcode 3.2";
			developmentRegion = English;
			hasScannedForEncodings = 0;
			knownRegions = (
				en,
				Base,
			);
			mainGroup = 85E70DBD1D4A0ABD00AC3089;
			productRefGroup = 85E70DC71D4A0ABD00AC3089 /* Products */;
			projectDirPath = "";
			projectRoot = "";
			targets = (
				85E70DC51D4A0ABD00AC3089 /* samlesocket */,
			);
		};
/* End PBXProject section */

/* Begin PBXResourcesBuildPhase section */
		85E70DC41D4A0ABD00AC3089 /* Resources */ = {
			isa = PBXResourcesBuildPhase;
			buildActionMask = 2147483647;
			files = (
				85E70DD41D4A0ABD00AC3089 /* LaunchScreen.storyboard in Resources */,
				85E70DD11D4A0ABD00AC3089 /* Assets.xcassets in Resources */,
				85E70DCF1D4A0ABD00AC3089 /* Main.storyboard in Resources */,
			);
			runOnlyForDeploymentPostprocessing = 0;
		};
/* End PBXResourcesBuildPhase section */

/* Begin PBXShellScriptBuildPhase section */
		35E5CF2C9B2DEC4FCF8A0815 /* [CP] Check Pods Manifest.lock */ = {
			isa = PBXShellScriptBuildPhase;
			buildActionMask = 2147483647;
			files = (
			);
			inputPaths = (
			);
			name = "[CP] Check Pods Manifest.lock";
			outputPaths = (
			);
			runOnlyForDeploymentPostprocessing = 0;
			shellPath = /bin/sh;
			shellScript = "diff \"${PODS_ROOT}/../Podfile.lock\" \"${PODS_ROOT}/Manifest.lock\" > /dev/null\nif [[ $? != 0 ]] ; then\n    cat << EOM\nerror: The sandbox is not in sync with the Podfile.lock. Run 'pod install' or update your CocoaPods installation.\nEOM\n    exit 1\nfi\n";
			showEnvVarsInLog = 0;
		};
		72208FE233785F7E89D94E37 /* [CP] Embed Pods Frameworks */ = {
			isa = PBXShellScriptBuildPhase;
			buildActionMask = 2147483647;
			files = (
			);
			inputPaths = (
			);
			name = "[CP] Embed Pods Frameworks";
			outputPaths = (
			);
			runOnlyForDeploymentPostprocessing = 0;
			shellPath = /bin/sh;
			shellScript = "\"${SRCROOT}/Pods/Target Support Files/Pods-samlesocket/Pods-samlesocket-frameworks.sh\"\n";
			showEnvVarsInLog = 0;
		};
		F4AD4B75C6153825032E38B5 /* [CP] Copy Pods Resources */ = {
			isa = PBXShellScriptBuildPhase;
			buildActionMask = 2147483647;
			files = (
			);
			inputPaths = (
			);
			name = "[CP] Copy Pods Resources";
			outputPaths = (
			);
			runOnlyForDeploymentPostprocessing = 0;
			shellPath = /bin/sh;
			shellScript = "\"${SRCROOT}/Pods/Target Support Files/Pods-samlesocket/Pods-samlesocket-resources.sh\"\n";
			showEnvVarsInLog = 0;
		};
/* End PBXShellScriptBuildPhase section */

/* Begin PBXSourcesBuildPhase section */
		85E70DC21D4A0ABD00AC3089 /* Sources */ = {
			isa = PBXSourcesBuildPhase;
			buildActionMask = 2147483647;
			files = (
				85E70DE51D4A34B600AC3089 /* ysocket.swift in Sources */,
				85E70DCC1D4A0ABD00AC3089 /* ViewController.swift in Sources */,
				85E70DE91D4A359B00AC3089 /* ytcpsocket.c in Sources */,
				85C4709B1D6B09CE000EB144 /* NewViewController.swift in Sources */,
				85E70DCA1D4A0ABD00AC3089 /* AppDelegate.swift in Sources */,
				85E70DEA1D4A359B00AC3089 /* ytcpsocket.swift in Sources */,
			);
			runOnlyForDeploymentPostprocessing = 0;
		};
/* End PBXSourcesBuildPhase section */

/* Begin PBXVariantGroup section */
		85E70DCD1D4A0ABD00AC3089 /* Main.storyboard */ = {
			isa = PBXVariantGroup;
			children = (
				85E70DCE1D4A0ABD00AC3089 /* Base */,
			);
			name = Main.storyboard;
			sourceTree = "<group>";
		};
		85E70DD21D4A0ABD00AC3089 /* LaunchScreen.storyboard */ = {
			isa = PBXVariantGroup;
			children = (
				85E70DD31D4A0ABD00AC3089 /* Base */,
			);
			name = LaunchScreen.storyboard;
			sourceTree = "<group>";
		};
/* End PBXVariantGroup section */

/* Begin XCBuildConfiguration section */
		85E70DD61D4A0ABD00AC3089 /* Debug */ = {
			isa = XCBuildConfiguration;
			buildSettings = {
				ALWAYS_SEARCH_USER_PATHS = NO;
				CLANG_ANALYZER_NONNULL = YES;
				CLANG_CXX_LANGUAGE_STANDARD = "gnu++0x";
				CLANG_CXX_LIBRARY = "libc++";
				CLANG_ENABLE_MODULES = YES;
				CLANG_ENABLE_OBJC_ARC = YES;
				CLANG_WARN_BOOL_CONVERSION = YES;
				CLANG_WARN_CONSTANT_CONVERSION = YES;
				CLANG_WARN_DIRECT_OBJC_ISA_USAGE = YES_ERROR;
				CLANG_WARN_EMPTY_BODY = YES;
				CLANG_WARN_ENUM_CONVERSION = YES;
				CLANG_WARN_INT_CONVERSION = YES;
				CLANG_WARN_OBJC_ROOT_CLASS = YES_ERROR;
				CLANG_WARN_UNREACHABLE_CODE = YES;
				CLANG_WARN__DUPLICATE_METHOD_MATCH = YES;
				"CODE_SIGN_IDENTITY[sdk=iphoneos*]" = "iPhone Developer";
				COPY_PHASE_STRIP = NO;
				DEBUG_INFORMATION_FORMAT = dwarf;
				ENABLE_STRICT_OBJC_MSGSEND = YES;
				ENABLE_TESTABILITY = YES;
				GCC_C_LANGUAGE_STANDARD = gnu99;
				GCC_DYNAMIC_NO_PIC = NO;
				GCC_NO_COMMON_BLOCKS = YES;
				GCC_OPTIMIZATION_LEVEL = 0;
				GCC_PREPROCESSOR_DEFINITIONS = (
					"DEBUG=1",
					"$(inherited)",
				);
				GCC_WARN_64_TO_32_BIT_CONVERSION = YES;
				GCC_WARN_ABOUT_RETURN_TYPE = YES_ERROR;
				GCC_WARN_UNDECLARED_SELECTOR = YES;
				GCC_WARN_UNINITIALIZED_AUTOS = YES_AGGRESSIVE;
				GCC_WARN_UNUSED_FUNCTION = YES;
				GCC_WARN_UNUSED_VARIABLE = YES;
				IPHONEOS_DEPLOYMENT_TARGET = 9.3;
				MTL_ENABLE_DEBUG_INFO = YES;
				ONLY_ACTIVE_ARCH = YES;
				SDKROOT = iphoneos;
				SWIFT_OPTIMIZATION_LEVEL = "-Onone";
				TARGETED_DEVICE_FAMILY = "1,2";
			};
			name = Debug;
		};
		85E70DD71D4A0ABD00AC3089 /* Release */ = {
			isa = XCBuildConfiguration;
			buildSettings = {
				ALWAYS_SEARCH_USER_PATHS = NO;
				CLANG_ANALYZER_NONNULL = YES;
				CLANG_CXX_LANGUAGE_STANDARD = "gnu++0x";
				CLANG_CXX_LIBRARY = "libc++";
				CLANG_ENABLE_MODULES = YES;
				CLANG_ENABLE_OBJC_ARC = YES;
				CLANG_WARN_BOOL_CONVERSION = YES;
				CLANG_WARN_CONSTANT_CONVERSION = YES;
				CLANG_WARN_DIRECT_OBJC_ISA_USAGE = YES_ERROR;
				CLANG_WARN_EMPTY_BODY = YES;
				CLANG_WARN_ENUM_CONVERSION = YES;
				CLANG_WARN_INT_CONVERSION = YES;
				CLANG_WARN_OBJC_ROOT_CLASS = YES_ERROR;
				CLANG_WARN_UNREACHABLE_CODE = YES;
				CLANG_WARN__DUPLICATE_METHOD_MATCH = YES;
				"CODE_SIGN_IDENTITY[sdk=iphoneos*]" = "iPhone Developer";
				COPY_PHASE_STRIP = NO;
				DEBUG_INFORMATION_FORMAT = "dwarf-with-dsym";
				ENABLE_NS_ASSERTIONS = NO;
				ENABLE_STRICT_OBJC_MSGSEND = YES;
				GCC_C_LANGUAGE_STANDARD = gnu99;
				GCC_NO_COMMON_BLOCKS = YES;
				GCC_WARN_64_TO_32_BIT_CONVERSION = YES;
				GCC_WARN_ABOUT_RETURN_TYPE = YES_ERROR;
				GCC_WARN_UNDECLARED_SELECTOR = YES;
				GCC_WARN_UNINITIALIZED_AUTOS = YES_AGGRESSIVE;
				GCC_WARN_UNUSED_FUNCTION = YES;
				GCC_WARN_UNUSED_VARIABLE = YES;
				IPHONEOS_DEPLOYMENT_TARGET = 9.3;
				MTL_ENABLE_DEBUG_INFO = NO;
				SDKROOT = iphoneos;
				TARGETED_DEVICE_FAMILY = "1,2";
				VALIDATE_PRODUCT = YES;
			};
			name = Release;
		};
		85E70DD91D4A0ABD00AC3089 /* Debug */ = {
			isa = XCBuildConfiguration;
			baseConfigurationReference = E7B670010AFE6B7173763265 /* Pods-samlesocket.debug.xcconfig */;
			buildSettings = {
				ASSETCATALOG_COMPILER_APPICON_NAME = AppIcon;
				CLANG_ENABLE_MODULES = YES;
				INFOPLIST_FILE = samlesocket/Info.plist;
				LD_RUNPATH_SEARCH_PATHS = "$(inherited) @executable_path/Frameworks";
				PRODUCT_BUNDLE_IDENTIFIER = com.bsm.samlesocket;
				PRODUCT_NAME = "$(TARGET_NAME)";
				SWIFT_OBJC_BRIDGING_HEADER = "samlesocket/samlesocket-Bridging-Header.h";
				SWIFT_OPTIMIZATION_LEVEL = "-Onone";
			};
			name = Debug;
		};
		85E70DDA1D4A0ABD00AC3089 /* Release */ = {
			isa = XCBuildConfiguration;
			baseConfigurationReference = CE2A651EB957151751A41451 /* Pods-samlesocket.release.xcconfig */;
			buildSettings = {
				ASSETCATALOG_COMPILER_APPICON_NAME = AppIcon;
				CLANG_ENABLE_MODULES = YES;
				INFOPLIST_FILE = samlesocket/Info.plist;
				LD_RUNPATH_SEARCH_PATHS = "$(inherited) @executable_path/Frameworks";
				PRODUCT_BUNDLE_IDENTIFIER = com.bsm.samlesocket;
				PRODUCT_NAME = "$(TARGET_NAME)";
				SWIFT_OBJC_BRIDGING_HEADER = "samlesocket/samlesocket-Bridging-Header.h";
			};
			name = Release;
		};
/* End XCBuildConfiguration section */

/* Begin XCConfigurationList section */
		85E70DC11D4A0ABD00AC3089 /* Build configuration list for PBXProject "samlesocket" */ = {
			isa = XCConfigurationList;
			buildConfigurations = (
				85E70DD61D4A0ABD00AC3089 /* Debug */,
				85E70DD71D4A0ABD00AC3089 /* Release */,
			);
			defaultConfigurationIsVisible = 0;
			defaultConfigurationName = Release;
		};
		85E70DD81D4A0ABD00AC3089 /* Build configuration list for PBXNativeTarget "samlesocket" */ = {
			isa = XCConfigurationList;
			buildConfigurations = (
				85E70DD91D4A0ABD00AC3089 /* Debug */,
				85E70DDA1D4A0ABD00AC3089 /* Release */,
			);
			defaultConfigurationIsVisible = 0;
			defaultConfigurationName = Release;
		};
/* End XCConfigurationList section */
	};
	rootObject = 85E70DBE1D4A0ABD00AC3089 /* Project object */;
}
