// !$*UTF8*$!
{
	archiveVersion = 1;
	classes = {
	};
	objectVersion = 46;
	objects = {

/* Begin PBXBuildFile section */
		360726151C909A3B00F9D00D /* AppDelegate.swift in Sources */ = {isa = PBXBuildFile; fileRef = 360726141C909A3B00F9D00D /* AppDelegate.swift */; };
		360726171C909A3B00F9D00D /* ViewController.swift in Sources */ = {isa = PBXBuildFile; fileRef = 360726161C909A3B00F9D00D /* ViewController.swift */; };
		3607261A1C909A3B00F9D00D /* Main.storyboard in Resources */ = {isa = PBXBuildFile; fileRef = 360726181C909A3B00F9D00D /* Main.storyboard */; };
		3607261C1C909A3B00F9D00D /* Assets.xcassets in Resources */ = {isa = PBXBuildFile; fileRef = 3607261B1C909A3B00F9D00D /* Assets.xcassets */; };
		3607261F1C909A3B00F9D00D /* LaunchScreen.storyboard in Resources */ = {isa = PBXBuildFile; fileRef = 3607261D1C909A3B00F9D00D /* LaunchScreen.storyboard */; };
/* End PBXBuildFile section */

/* Begin PBXFileReference section */
		360726111C909A3B00F9D00D /* slideanimationtest.app */ = {isa = PBXFileReference; explicitFileType = wrapper.application; includeInIndex = 0; path = slideanimationtest.app; sourceTree = BUILT_PRODUCTS_DIR; };
		360726141C909A3B00F9D00D /* AppDelegate.swift */ = {isa = PBXFileReference; lastKnownFileType = sourcecode.swift; path = AppDelegate.swift; sourceTree = "<group>"; };
		360726161C909A3B00F9D00D /* ViewController.swift */ = {isa = PBXFileReference; lastKnownFileType = sourcecode.swift; path = ViewController.swift; sourceTree = "<group>"; };
		360726191C909A3B00F9D00D /* Base */ = {isa = PBXFileReference; lastKnownFileType = file.storyboard; name = Base; path = Base.lproj/Main.storyboard; sourceTree = "<group>"; };
		3607261B1C909A3B00F9D00D /* Assets.xcassets */ = {isa = PBXFileReference; lastKnownFileType = folder.assetcatalog; path = Assets.xcassets; sourceTree = "<group>"; };
		3607261E1C909A3B00F9D00D /* Base */ = {isa = PBXFileReference; lastKnownFileType = file.storyboard; name = Base; path = Base.lproj/LaunchScreen.storyboard; sourceTree = "<group>"; };
		360726201C909A3C00F9D00D /* Info.plist */ = {isa = PBXFileReference; lastKnownFileType = text.plist.xml; path = Info.plist; sourceTree = "<group>"; };
/* End PBXFileReference section */

/* Begin PBXFrameworksBuildPhase section */
		3607260E1C909A3B00F9D00D /* Frameworks */ = {
			isa = PBXFrameworksBuildPhase;
			buildActionMask = 2147483647;
			files = (
			);
			runOnlyForDeploymentPostprocessing = 0;
		};
/* End PBXFrameworksBuildPhase section */

/* Begin PBXGroup section */
		360726081C909A3B00F9D00D = {
			isa = PBXGroup;
			children = (
				360726131C909A3B00F9D00D /* slideanimationtest */,
				360726121C909A3B00F9D00D /* Products */,
			);
			sourceTree = "<group>";
		};
		360726121C909A3B00F9D00D /* Products */ = {
			isa = PBXGroup;
			children = (
				360726111C909A3B00F9D00D /* slideanimationtest.app */,
			);
			name = Products;
			sourceTree = "<group>";
		};
		360726131C909A3B00F9D00D /* slideanimationtest */ = {
			isa = PBXGroup;
			children = (
				360726141C909A3B00F9D00D /* AppDelegate.swift */,
				360726161C909A3B00F9D00D /* ViewController.swift */,
				360726181C909A3B00F9D00D /* Main.storyboard */,
				3607261B1C909A3B00F9D00D /* Assets.xcassets */,
				3607261D1C909A3B00F9D00D /* LaunchScreen.storyboard */,
				360726201C909A3C00F9D00D /* Info.plist */,
			);
			path = slideanimationtest;
			sourceTree = "<group>";
		};
/* End PBXGroup section */

/* Begin PBXNativeTarget section */
		360726101C909A3B00F9D00D /* slideanimationtest */ = {
			isa = PBXNativeTarget;
			buildConfigurationList = 360726231C909A3C00F9D00D /* Build configuration list for PBXNativeTarget "slideanimationtest" */;
			buildPhases = (
				3607260D1C909A3B00F9D00D /* Sources */,
				3607260E1C909A3B00F9D00D /* Frameworks */,
				3607260F1C909A3B00F9D00D /* Resources */,
			);
			buildRules = (
			);
			dependencies = (
			);
			name = slideanimationtest;
			productName = slideanimationtest;
			productReference = 360726111C909A3B00F9D00D /* slideanimationtest.app */;
			productType = "com.apple.product-type.application";
		};
/* End PBXNativeTarget section */

/* Begin PBXProject section */
		360726091C909A3B00F9D00D /* Project object */ = {
			isa = PBXProject;
			attributes = {
				LastSwiftUpdateCheck = 0720;
				LastUpgradeCheck = 0720;
				ORGANIZATIONNAME = "Vineeth Vijayan";
				TargetAttributes = {
					360726101C909A3B00F9D00D = {
						CreatedOnToolsVersion = 7.2.1;
						DevelopmentTeam = K4T72E2N9S;
					};
				};
			};
			buildConfigurationList = 3607260C1C909A3B00F9D00D /* Build configuration list for PBXProject "slideanimationtest" */;
			compatibilityVersion = "Xcode 3.2";
			developmentRegion = English;
			hasScannedForEncodings = 0;
			knownRegions = (
				en,
				Base,
			);
			mainGroup = 360726081C909A3B00F9D00D;
			productRefGroup = 360726121C909A3B00F9D00D /* Products */;
			projectDirPath = "";
			projectRoot = "";
			targets = (
				360726101C909A3B00F9D00D /* slideanimationtest */,
			);
		};
/* End PBXProject section */

/* Begin PBXResourcesBuildPhase section */
		3607260F1C909A3B00F9D00D /* Resources */ = {
			isa = PBXResourcesBuildPhase;
			buildActionMask = 2147483647;
			files = (
				3607261F1C909A3B00F9D00D /* LaunchScreen.storyboard in Resources */,
				3607261C1C909A3B00F9D00D /* Assets.xcassets in Resources */,
				3607261A1C909A3B00F9D00D /* Main.storyboard in Resources */,
			);
			runOnlyForDeploymentPostprocessing = 0;
		};
/* End PBXResourcesBuildPhase section */

/* Begin PBXSourcesBuildPhase section */
		3607260D1C909A3B00F9D00D /* Sources */ = {
			isa = PBXSourcesBuildPhase;
			buildActionMask = 2147483647;
			files = (
				360726171C909A3B00F9D00D /* ViewController.swift in Sources */,
				360726151C909A3B00F9D00D /* AppDelegate.swift in Sources */,
			);
			runOnlyForDeploymentPostprocessing = 0;
		};
/* End PBXSourcesBuildPhase section */

/* Begin PBXVariantGroup section */
		360726181C909A3B00F9D00D /* Main.storyboard */ = {
			isa = PBXVariantGroup;
			children = (
				360726191C909A3B00F9D00D /* Base */,
			);
			name = Main.storyboard;
			sourceTree = "<group>";
		};
		3607261D1C909A3B00F9D00D /* LaunchScreen.storyboard */ = {
			isa = PBXVariantGroup;
			children = (
				3607261E1C909A3B00F9D00D /* Base */,
			);
			name = LaunchScreen.storyboard;
			sourceTree = "<group>";
		};
/* End PBXVariantGroup section */

/* Begin XCBuildConfiguration section */
		360726211C909A3C00F9D00D /* Debug */ = {
			isa = XCBuildConfiguration;
			buildSettings = {
				ALWAYS_SEARCH_USER_PATHS = NO;
				CLANG_CXX_LANGUAGE_STANDARD = "gnu++0x";
				CLANG_CXX_LIBRARY = "libc++";
				CLANG_ENABLE_MODULES = YES;
				CLANG_ENABLE_OBJC_ARC = YES;
				CLANG_WARN_BOOL_CONVERSION = YES;
				CLANG_WARN_CONSTANT_CONVERSION = YES;
				CLANG_WARN_DIRECT_OBJC_ISA_USAGE = YES_ERROR;
				CLANG_WARN_EMPTY_BODY = YES;
				CLANG_WARN_ENUM_CONVERSION = YES;
				CLANG_WARN_INT_CONVERSION = YES;
				CLANG_WARN_OBJC_ROOT_CLASS = YES_ERROR;
				CLANG_WARN_UNREACHABLE_CODE = YES;
				CLANG_WARN__DUPLICATE_METHOD_MATCH = YES;
				"CODE_SIGN_IDENTITY[sdk=iphoneos*]" = "iPhone Developer";
				COPY_PHASE_STRIP = NO;
				DEBUG_INFORMATION_FORMAT = dwarf;
				ENABLE_STRICT_OBJC_MSGSEND = YES;
				ENABLE_TESTABILITY = YES;
				GCC_C_LANGUAGE_STANDARD = gnu99;
				GCC_DYNAMIC_NO_PIC = NO;
				GCC_NO_COMMON_BLOCKS = YES;
				GCC_OPTIMIZATION_LEVEL = 0;
				GCC_PREPROCESSOR_DEFINITIONS = (
					"DEBUG=1",
					"$(inherited)",
				);
				GCC_WARN_64_TO_32_BIT_CONVERSION = YES;
				GCC_WARN_ABOUT_RETURN_TYPE = YES_ERROR;
				GCC_WARN_UNDECLARED_SELECTOR = YES;
				GCC_WARN_UNINITIALIZED_AUTOS = YES_AGGRESSIVE;
				GCC_WARN_UNUSED_FUNCTION = YES;
				GCC_WARN_UNUSED_VARIABLE = YES;
				IPHONEOS_DEPLOYMENT_TARGET = 9.2;
				MTL_ENABLE_DEBUG_INFO = YES;
				ONLY_ACTIVE_ARCH = YES;
				SDKROOT = iphoneos;
				SWIFT_OPTIMIZATION_LEVEL = "-Onone";
				TARGETED_DEVICE_FAMILY = "1,2";
			};
			name = Debug;
		};
		360726221C909A3C00F9D00D /* Release */ = {
			isa = XCBuildConfiguration;
			buildSettings = {
				ALWAYS_SEARCH_USER_PATHS = NO;
				CLANG_CXX_LANGUAGE_STANDARD = "gnu++0x";
				CLANG_CXX_LIBRARY = "libc++";
				CLANG_ENABLE_MODULES = YES;
				CLANG_ENABLE_OBJC_ARC = YES;
				CLANG_WARN_BOOL_CONVERSION = YES;
				CLANG_WARN_CONSTANT_CONVERSION = YES;
				CLANG_WARN_DIRECT_OBJC_ISA_USAGE = YES_ERROR;
				CLANG_WARN_EMPTY_BODY = YES;
				CLANG_WARN_ENUM_CONVERSION = YES;
				CLANG_WARN_INT_CONVERSION = YES;
				CLANG_WARN_OBJC_ROOT_CLASS = YES_ERROR;
				CLANG_WARN_UNREACHABLE_CODE = YES;
				CLANG_WARN__DUPLICATE_METHOD_MATCH = YES;
				"CODE_SIGN_IDENTITY[sdk=iphoneos*]" = "iPhone Developer";
				COPY_PHASE_STRIP = NO;
				DEBUG_INFORMATION_FORMAT = "dwarf-with-dsym";
				ENABLE_NS_ASSERTIONS = NO;
				ENABLE_STRICT_OBJC_MSGSEND = YES;
				GCC_C_LANGUAGE_STANDARD = gnu99;
				GCC_NO_COMMON_BLOCKS = YES;
				GCC_WARN_64_TO_32_BIT_CONVERSION = YES;
				GCC_WARN_ABOUT_RETURN_TYPE = YES_ERROR;
				GCC_WARN_UNDECLARED_SELECTOR = YES;
				GCC_WARN_UNINITIALIZED_AUTOS = YES_AGGRESSIVE;
				GCC_WARN_UNUSED_FUNCTION = YES;
				GCC_WARN_UNUSED_VARIABLE = YES;
				IPHONEOS_DEPLOYMENT_TARGET = 9.2;
				MTL_ENABLE_DEBUG_INFO = NO;
				SDKROOT = iphoneos;
				TARGETED_DEVICE_FAMILY = "1,2";
				VALIDATE_PRODUCT = YES;
			};
			name = Release;
		};
		360726241C909A3C00F9D00D /* Debug */ = {
			isa = XCBuildConfiguration;
			buildSettings = {
				ASSETCATALOG_COMPILER_APPICON_NAME = AppIcon;
				CODE_SIGN_IDENTITY = "iPhone Developer";
				"CODE_SIGN_IDENTITY[sdk=iphoneos*]" = "iPhone Developer";
				INFOPLIST_FILE = slideanimationtest/Info.plist;
				LD_RUNPATH_SEARCH_PATHS = "$(inherited) @executable_path/Frameworks";
				PRODUCT_BUNDLE_IDENTIFIER = com.creativelogics.slideanimationtest;
				PRODUCT_NAME = "$(TARGET_NAME)";
				PROVISIONING_PROFILE = "";
			};
			name = Debug;
		};
		360726251C909A3C00F9D00D /* Release */ = {
			isa = XCBuildConfiguration;
			buildSettings = {
				ASSETCATALOG_COMPILER_APPICON_NAME = AppIcon;
				CODE_SIGN_IDENTITY = "iPhone Developer";
				"CODE_SIGN_IDENTITY[sdk=iphoneos*]" = "iPhone Developer";
				INFOPLIST_FILE = slideanimationtest/Info.plist;
				LD_RUNPATH_SEARCH_PATHS = "$(inherited) @executable_path/Frameworks";
				PRODUCT_BUNDLE_IDENTIFIER = com.creativelogics.slideanimationtest;
				PRODUCT_NAME = "$(TARGET_NAME)";
				PROVISIONING_PROFILE = "";
			};
			name = Release;
		};
/* End XCBuildConfiguration section */

/* Begin XCConfigurationList section */
		3607260C1C909A3B00F9D00D /* Build configuration list for PBXProject "slideanimationtest" */ = {
			isa = XCConfigurationList;
			buildConfigurations = (
				360726211C909A3C00F9D00D /* Debug */,
				360726221C909A3C00F9D00D /* Release */,
			);
			defaultConfigurationIsVisible = 0;
			defaultConfigurationName = Release;
		};
		360726231C909A3C00F9D00D /* Build configuration list for PBXNativeTarget "slideanimationtest" */ = {
			isa = XCConfigurationList;
			buildConfigurations = (
				360726241C909A3C00F9D00D /* Debug */,
				360726251C909A3C00F9D00D /* Release */,
			);
			defaultConfigurationIsVisible = 0;
		};
/* End XCConfigurationList section */
	};
	rootObject = 360726091C909A3B00F9D00D /* Project object */;
}
