// !$*UTF8*$!
{
	archiveVersion = 1;
	classes = {
	};
	objectVersion = 46;
	objects = {

/* Begin PBXBuildFile section */
		361D532B1C9DD7FA00845E71 /* AppDelegate.swift in Sources */ = {isa = PBXBuildFile; fileRef = 361D532A1C9DD7FA00845E71 /* AppDelegate.swift */; };
		361D532D1C9DD7FA00845E71 /* ViewController.swift in Sources */ = {isa = PBXBuildFile; fileRef = 361D532C1C9DD7FA00845E71 /* ViewController.swift */; };
		361D53301C9DD7FA00845E71 /* Main.storyboard in Resources */ = {isa = PBXBuildFile; fileRef = 361D532E1C9DD7FA00845E71 /* Main.storyboard */; };
		361D53321C9DD7FA00845E71 /* Assets.xcassets in Resources */ = {isa = PBXBuildFile; fileRef = 361D53311C9DD7FA00845E71 /* Assets.xcassets */; };
		361D53351C9DD7FA00845E71 /* LaunchScreen.storyboard in Resources */ = {isa = PBXBuildFile; fileRef = 361D53331C9DD7FA00845E71 /* LaunchScreen.storyboard */; };
/* End PBXBuildFile section */

/* Begin PBXFileReference section */
		361D53271C9DD7FA00845E71 /* tableviewanimation.app */ = {isa = PBXFileReference; explicitFileType = wrapper.application; includeInIndex = 0; path = tableviewanimation.app; sourceTree = BUILT_PRODUCTS_DIR; };
		361D532A1C9DD7FA00845E71 /* AppDelegate.swift */ = {isa = PBXFileReference; lastKnownFileType = sourcecode.swift; path = AppDelegate.swift; sourceTree = "<group>"; };
		361D532C1C9DD7FA00845E71 /* ViewController.swift */ = {isa = PBXFileReference; lastKnownFileType = sourcecode.swift; path = ViewController.swift; sourceTree = "<group>"; };
		361D532F1C9DD7FA00845E71 /* Base */ = {isa = PBXFileReference; lastKnownFileType = file.storyboard; name = Base; path = Base.lproj/Main.storyboard; sourceTree = "<group>"; };
		361D53311C9DD7FA00845E71 /* Assets.xcassets */ = {isa = PBXFileReference; lastKnownFileType = folder.assetcatalog; path = Assets.xcassets; sourceTree = "<group>"; };
		361D53341C9DD7FA00845E71 /* Base */ = {isa = PBXFileReference; lastKnownFileType = file.storyboard; name = Base; path = Base.lproj/LaunchScreen.storyboard; sourceTree = "<group>"; };
		361D53361C9DD7FA00845E71 /* Info.plist */ = {isa = PBXFileReference; lastKnownFileType = text.plist.xml; path = Info.plist; sourceTree = "<group>"; };
/* End PBXFileReference section */

/* Begin PBXFrameworksBuildPhase section */
		361D53241C9DD7FA00845E71 /* Frameworks */ = {
			isa = PBXFrameworksBuildPhase;
			buildActionMask = 2147483647;
			files = (
			);
			runOnlyForDeploymentPostprocessing = 0;
		};
/* End PBXFrameworksBuildPhase section */

/* Begin PBXGroup section */
		361D531E1C9DD7FA00845E71 = {
			isa = PBXGroup;
			children = (
				361D53291C9DD7FA00845E71 /* tableviewanimation */,
				361D53281C9DD7FA00845E71 /* Products */,
			);
			sourceTree = "<group>";
		};
		361D53281C9DD7FA00845E71 /* Products */ = {
			isa = PBXGroup;
			children = (
				361D53271C9DD7FA00845E71 /* tableviewanimation.app */,
			);
			name = Products;
			sourceTree = "<group>";
		};
		361D53291C9DD7FA00845E71 /* tableviewanimation */ = {
			isa = PBXGroup;
			children = (
				361D532A1C9DD7FA00845E71 /* AppDelegate.swift */,
				361D532C1C9DD7FA00845E71 /* ViewController.swift */,
				361D532E1C9DD7FA00845E71 /* Main.storyboard */,
				361D53311C9DD7FA00845E71 /* Assets.xcassets */,
				361D53331C9DD7FA00845E71 /* LaunchScreen.storyboard */,
				361D53361C9DD7FA00845E71 /* Info.plist */,
			);
			path = tableviewanimation;
			sourceTree = "<group>";
		};
/* End PBXGroup section */

/* Begin PBXNativeTarget section */
		361D53261C9DD7FA00845E71 /* tableviewanimation */ = {
			isa = PBXNativeTarget;
			buildConfigurationList = 361D53391C9DD7FA00845E71 /* Build configuration list for PBXNativeTarget "tableviewanimation" */;
			buildPhases = (
				361D53231C9DD7FA00845E71 /* Sources */,
				361D53241C9DD7FA00845E71 /* Frameworks */,
				361D53251C9DD7FA00845E71 /* Resources */,
			);
			buildRules = (
			);
			dependencies = (
			);
			name = tableviewanimation;
			productName = tableviewanimation;
			productReference = 361D53271C9DD7FA00845E71 /* tableviewanimation.app */;
			productType = "com.apple.product-type.application";
		};
/* End PBXNativeTarget section */

/* Begin PBXProject section */
		361D531F1C9DD7FA00845E71 /* Project object */ = {
			isa = PBXProject;
			attributes = {
				LastSwiftUpdateCheck = 0720;
				LastUpgradeCheck = 0720;
				ORGANIZATIONNAME = "Vineeth Vijayan";
				TargetAttributes = {
					361D53261C9DD7FA00845E71 = {
						CreatedOnToolsVersion = 7.2.1;
					};
				};
			};
			buildConfigurationList = 361D53221C9DD7FA00845E71 /* Build configuration list for PBXProject "tableviewanimation" */;
			compatibilityVersion = "Xcode 3.2";
			developmentRegion = English;
			hasScannedForEncodings = 0;
			knownRegions = (
				en,
				Base,
			);
			mainGroup = 361D531E1C9DD7FA00845E71;
			productRefGroup = 361D53281C9DD7FA00845E71 /* Products */;
			projectDirPath = "";
			projectRoot = "";
			targets = (
				361D53261C9DD7FA00845E71 /* tableviewanimation */,
			);
		};
/* End PBXProject section */

/* Begin PBXResourcesBuildPhase section */
		361D53251C9DD7FA00845E71 /* Resources */ = {
			isa = PBXResourcesBuildPhase;
			buildActionMask = 2147483647;
			files = (
				361D53351C9DD7FA00845E71 /* LaunchScreen.storyboard in Resources */,
				361D53321C9DD7FA00845E71 /* Assets.xcassets in Resources */,
				361D53301C9DD7FA00845E71 /* Main.storyboard in Resources */,
			);
			runOnlyForDeploymentPostprocessing = 0;
		};
/* End PBXResourcesBuildPhase section */

/* Begin PBXSourcesBuildPhase section */
		361D53231C9DD7FA00845E71 /* Sources */ = {
			isa = PBXSourcesBuildPhase;
			buildActionMask = 2147483647;
			files = (
				361D532D1C9DD7FA00845E71 /* ViewController.swift in Sources */,
				361D532B1C9DD7FA00845E71 /* AppDelegate.swift in Sources */,
			);
			runOnlyForDeploymentPostprocessing = 0;
		};
/* End PBXSourcesBuildPhase section */

/* Begin PBXVariantGroup section */
		361D532E1C9DD7FA00845E71 /* Main.storyboard */ = {
			isa = PBXVariantGroup;
			children = (
				361D532F1C9DD7FA00845E71 /* Base */,
			);
			name = Main.storyboard;
			sourceTree = "<group>";
		};
		361D53331C9DD7FA00845E71 /* LaunchScreen.storyboard */ = {
			isa = PBXVariantGroup;
			children = (
				361D53341C9DD7FA00845E71 /* Base */,
			);
			name = LaunchScreen.storyboard;
			sourceTree = "<group>";
		};
/* End PBXVariantGroup section */

/* Begin XCBuildConfiguration section */
		361D53371C9DD7FA00845E71 /* Debug */ = {
			isa = XCBuildConfiguration;
			buildSettings = {
				ALWAYS_SEARCH_USER_PATHS = NO;
				CLANG_CXX_LANGUAGE_STANDARD = "gnu++0x";
				CLANG_CXX_LIBRARY = "libc++";
				CLANG_ENABLE_MODULES = YES;
				CLANG_ENABLE_OBJC_ARC = YES;
				CLANG_WARN_BOOL_CONVERSION = YES;
				CLANG_WARN_CONSTANT_CONVERSION = YES;
				CLANG_WARN_DIRECT_OBJC_ISA_USAGE = YES_ERROR;
				CLANG_WARN_EMPTY_BODY = YES;
				CLANG_WARN_ENUM_CONVERSION = YES;
				CLANG_WARN_INT_CONVERSION = YES;
				CLANG_WARN_OBJC_ROOT_CLASS = YES_ERROR;
				CLANG_WARN_UNREACHABLE_CODE = YES;
				CLANG_WARN__DUPLICATE_METHOD_MATCH = YES;
				"CODE_SIGN_IDENTITY[sdk=iphoneos*]" = "iPhone Developer";
				COPY_PHASE_STRIP = NO;
				DEBUG_INFORMATION_FORMAT = dwarf;
				ENABLE_STRICT_OBJC_MSGSEND = YES;
				ENABLE_TESTABILITY = YES;
				GCC_C_LANGUAGE_STANDARD = gnu99;
				GCC_DYNAMIC_NO_PIC = NO;
				GCC_NO_COMMON_BLOCKS = YES;
				GCC_OPTIMIZATION_LEVEL = 0;
				GCC_PREPROCESSOR_DEFINITIONS = (
					"DEBUG=1",
					"$(inherited)",
				);
				GCC_WARN_64_TO_32_BIT_CONVERSION = YES;
				GCC_WARN_ABOUT_RETURN_TYPE = YES_ERROR;
				GCC_WARN_UNDECLARED_SELECTOR = YES;
				GCC_WARN_UNINITIALIZED_AUTOS = YES_AGGRESSIVE;
				GCC_WARN_UNUSED_FUNCTION = YES;
				GCC_WARN_UNUSED_VARIABLE = YES;
				IPHONEOS_DEPLOYMENT_TARGET = 9.2;
				MTL_ENABLE_DEBUG_INFO = YES;
				ONLY_ACTIVE_ARCH = YES;
				SDKROOT = iphoneos;
				SWIFT_OPTIMIZATION_LEVEL = "-Onone";
				TARGETED_DEVICE_FAMILY = "1,2";
			};
			name = Debug;
		};
		361D53381C9DD7FA00845E71 /* Release */ = {
			isa = XCBuildConfiguration;
			buildSettings = {
				ALWAYS_SEARCH_USER_PATHS = NO;
				CLANG_CXX_LANGUAGE_STANDARD = "gnu++0x";
				CLANG_CXX_LIBRARY = "libc++";
				CLANG_ENABLE_MODULES = YES;
				CLANG_ENABLE_OBJC_ARC = YES;
				CLANG_WARN_BOOL_CONVERSION = YES;
				CLANG_WARN_CONSTANT_CONVERSION = YES;
				CLANG_WARN_DIRECT_OBJC_ISA_USAGE = YES_ERROR;
				CLANG_WARN_EMPTY_BODY = YES;
				CLANG_WARN_ENUM_CONVERSION = YES;
				CLANG_WARN_INT_CONVERSION = YES;
				CLANG_WARN_OBJC_ROOT_CLASS = YES_ERROR;
				CLANG_WARN_UNREACHABLE_CODE = YES;
				CLANG_WARN__DUPLICATE_METHOD_MATCH = YES;
				"CODE_SIGN_IDENTITY[sdk=iphoneos*]" = "iPhone Developer";
				COPY_PHASE_STRIP = NO;
				DEBUG_INFORMATION_FORMAT = "dwarf-with-dsym";
				ENABLE_NS_ASSERTIONS = NO;
				ENABLE_STRICT_OBJC_MSGSEND = YES;
				GCC_C_LANGUAGE_STANDARD = gnu99;
				GCC_NO_COMMON_BLOCKS = YES;
				GCC_WARN_64_TO_32_BIT_CONVERSION = YES;
				GCC_WARN_ABOUT_RETURN_TYPE = YES_ERROR;
				GCC_WARN_UNDECLARED_SELECTOR = YES;
				GCC_WARN_UNINITIALIZED_AUTOS = YES_AGGRESSIVE;
				GCC_WARN_UNUSED_FUNCTION = YES;
				GCC_WARN_UNUSED_VARIABLE = YES;
				IPHONEOS_DEPLOYMENT_TARGET = 9.2;
				MTL_ENABLE_DEBUG_INFO = NO;
				SDKROOT = iphoneos;
				TARGETED_DEVICE_FAMILY = "1,2";
				VALIDATE_PRODUCT = YES;
			};
			name = Release;
		};
		361D533A1C9DD7FA00845E71 /* Debug */ = {
			isa = XCBuildConfiguration;
			buildSettings = {
				ASSETCATALOG_COMPILER_APPICON_NAME = AppIcon;
				INFOPLIST_FILE = tableviewanimation/Info.plist;
				LD_RUNPATH_SEARCH_PATHS = "$(inherited) @executable_path/Frameworks";
				PRODUCT_BUNDLE_IDENTIFIER = com.creativelogics.tableviewanimation;
				PRODUCT_NAME = "$(TARGET_NAME)";
			};
			name = Debug;
		};
		361D533B1C9DD7FA00845E71 /* Release */ = {
			isa = XCBuildConfiguration;
			buildSettings = {
				ASSETCATALOG_COMPILER_APPICON_NAME = AppIcon;
				INFOPLIST_FILE = tableviewanimation/Info.plist;
				LD_RUNPATH_SEARCH_PATHS = "$(inherited) @executable_path/Frameworks";
				PRODUCT_BUNDLE_IDENTIFIER = com.creativelogics.tableviewanimation;
				PRODUCT_NAME = "$(TARGET_NAME)";
			};
			name = Release;
		};
/* End XCBuildConfiguration section */

/* Begin XCConfigurationList section */
		361D53221C9DD7FA00845E71 /* Build configuration list for PBXProject "tableviewanimation" */ = {
			isa = XCConfigurationList;
			buildConfigurations = (
				361D53371C9DD7FA00845E71 /* Debug */,
				361D53381C9DD7FA00845E71 /* Release */,
			);
			defaultConfigurationIsVisible = 0;
			defaultConfigurationName = Release;
		};
		361D53391C9DD7FA00845E71 /* Build configuration list for PBXNativeTarget "tableviewanimation" */ = {
			isa = XCConfigurationList;
			buildConfigurations = (
				361D533A1C9DD7FA00845E71 /* Debug */,
				361D533B1C9DD7FA00845E71 /* Release */,
			);
			defaultConfigurationIsVisible = 0;
		};
/* End XCConfigurationList section */
	};
	rootObject = 361D531F1C9DD7FA00845E71 /* Project object */;
}
