// !$*UTF8*$!
{
	archiveVersion = 1;
	classes = {
	};
	objectVersion = 46;
	objects = {

/* Begin PBXBuildFile section */
		366728E91D3EB93800E3DAE4 /* AppDelegate.swift in Sources */ = {isa = PBXBuildFile; fileRef = 366728E81D3EB93800E3DAE4 /* AppDelegate.swift */; };
		366728EB1D3EB93800E3DAE4 /* ViewController.swift in Sources */ = {isa = PBXBuildFile; fileRef = 366728EA1D3EB93800E3DAE4 /* ViewController.swift */; };
		366728EE1D3EB93800E3DAE4 /* Main.storyboard in Resources */ = {isa = PBXBuildFile; fileRef = 366728EC1D3EB93800E3DAE4 /* Main.storyboard */; };
		366728F01D3EB93800E3DAE4 /* Assets.xcassets in Resources */ = {isa = PBXBuildFile; fileRef = 366728EF1D3EB93800E3DAE4 /* Assets.xcassets */; };
		366728F31D3EB93800E3DAE4 /* LaunchScreen.storyboard in Resources */ = {isa = PBXBuildFile; fileRef = 366728F11D3EB93800E3DAE4 /* LaunchScreen.storyboard */; };
/* End PBXBuildFile section */

/* Begin PBXFileReference section */
		366728E51D3EB93800E3DAE4 /* xcode8.app */ = {isa = PBXFileReference; explicitFileType = wrapper.application; includeInIndex = 0; path = xcode8.app; sourceTree = BUILT_PRODUCTS_DIR; };
		366728E81D3EB93800E3DAE4 /* AppDelegate.swift */ = {isa = PBXFileReference; lastKnownFileType = sourcecode.swift; path = AppDelegate.swift; sourceTree = "<group>"; };
		366728EA1D3EB93800E3DAE4 /* ViewController.swift */ = {isa = PBXFileReference; lastKnownFileType = sourcecode.swift; path = ViewController.swift; sourceTree = "<group>"; };
		366728ED1D3EB93800E3DAE4 /* Base */ = {isa = PBXFileReference; lastKnownFileType = file.storyboard; name = Base; path = Base.lproj/Main.storyboard; sourceTree = "<group>"; };
		366728EF1D3EB93800E3DAE4 /* Assets.xcassets */ = {isa = PBXFileReference; lastKnownFileType = folder.assetcatalog; path = Assets.xcassets; sourceTree = "<group>"; };
		366728F21D3EB93800E3DAE4 /* Base */ = {isa = PBXFileReference; lastKnownFileType = file.storyboard; name = Base; path = Base.lproj/LaunchScreen.storyboard; sourceTree = "<group>"; };
		366728F41D3EB93800E3DAE4 /* Info.plist */ = {isa = PBXFileReference; lastKnownFileType = text.plist.xml; path = Info.plist; sourceTree = "<group>"; };
/* End PBXFileReference section */

/* Begin PBXFrameworksBuildPhase section */
		366728E21D3EB93800E3DAE4 /* Frameworks */ = {
			isa = PBXFrameworksBuildPhase;
			buildActionMask = 2147483647;
			files = (
			);
			runOnlyForDeploymentPostprocessing = 0;
		};
/* End PBXFrameworksBuildPhase section */

/* Begin PBXGroup section */
		366728DC1D3EB93800E3DAE4 = {
			isa = PBXGroup;
			children = (
				366728E71D3EB93800E3DAE4 /* xcode8 */,
				366728E61D3EB93800E3DAE4 /* Products */,
			);
			sourceTree = "<group>";
		};
		366728E61D3EB93800E3DAE4 /* Products */ = {
			isa = PBXGroup;
			children = (
				366728E51D3EB93800E3DAE4 /* xcode8.app */,
			);
			name = Products;
			sourceTree = "<group>";
		};
		366728E71D3EB93800E3DAE4 /* xcode8 */ = {
			isa = PBXGroup;
			children = (
				366728E81D3EB93800E3DAE4 /* AppDelegate.swift */,
				366728EA1D3EB93800E3DAE4 /* ViewController.swift */,
				366728EC1D3EB93800E3DAE4 /* Main.storyboard */,
				366728EF1D3EB93800E3DAE4 /* Assets.xcassets */,
				366728F11D3EB93800E3DAE4 /* LaunchScreen.storyboard */,
				366728F41D3EB93800E3DAE4 /* Info.plist */,
			);
			path = xcode8;
			sourceTree = "<group>";
		};
/* End PBXGroup section */

/* Begin PBXNativeTarget section */
		366728E41D3EB93800E3DAE4 /* xcode8 */ = {
			isa = PBXNativeTarget;
			buildConfigurationList = 366728F71D3EB93800E3DAE4 /* Build configuration list for PBXNativeTarget "xcode8" */;
			buildPhases = (
				366728E11D3EB93800E3DAE4 /* Sources */,
				366728E21D3EB93800E3DAE4 /* Frameworks */,
				366728E31D3EB93800E3DAE4 /* Resources */,
			);
			buildRules = (
			);
			dependencies = (
			);
			name = xcode8;
			productName = xcode8;
			productReference = 366728E51D3EB93800E3DAE4 /* xcode8.app */;
			productType = "com.apple.product-type.application";
		};
/* End PBXNativeTarget section */

/* Begin PBXProject section */
		366728DD1D3EB93800E3DAE4 /* Project object */ = {
			isa = PBXProject;
			attributes = {
				LastSwiftUpdateCheck = 0800;
				LastUpgradeCheck = 0800;
				ORGANIZATIONNAME = creativelogics;
				TargetAttributes = {
					366728E41D3EB93800E3DAE4 = {
						CreatedOnToolsVersion = 8.0;
						DevelopmentTeam = K4T72E2N9S;
						DevelopmentTeamName = "Vineeth Vijayan";
						ProvisioningStyle = Automatic;
					};
				};
			};
			buildConfigurationList = 366728E01D3EB93800E3DAE4 /* Build configuration list for PBXProject "xcode8" */;
			compatibilityVersion = "Xcode 3.2";
			developmentRegion = English;
			hasScannedForEncodings = 0;
			knownRegions = (
				en,
				Base,
			);
			mainGroup = 366728DC1D3EB93800E3DAE4;
			productRefGroup = 366728E61D3EB93800E3DAE4 /* Products */;
			projectDirPath = "";
			projectRoot = "";
			targets = (
				366728E41D3EB93800E3DAE4 /* xcode8 */,
			);
		};
/* End PBXProject section */

/* Begin PBXResourcesBuildPhase section */
		366728E31D3EB93800E3DAE4 /* Resources */ = {
			isa = PBXResourcesBuildPhase;
			buildActionMask = 2147483647;
			files = (
				366728F31D3EB93800E3DAE4 /* LaunchScreen.storyboard in Resources */,
				366728F01D3EB93800E3DAE4 /* Assets.xcassets in Resources */,
				366728EE1D3EB93800E3DAE4 /* Main.storyboard in Resources */,
			);
			runOnlyForDeploymentPostprocessing = 0;
		};
/* End PBXResourcesBuildPhase section */

/* Begin PBXSourcesBuildPhase section */
		366728E11D3EB93800E3DAE4 /* Sources */ = {
			isa = PBXSourcesBuildPhase;
			buildActionMask = 2147483647;
			files = (
				366728EB1D3EB93800E3DAE4 /* ViewController.swift in Sources */,
				366728E91D3EB93800E3DAE4 /* AppDelegate.swift in Sources */,
			);
			runOnlyForDeploymentPostprocessing = 0;
		};
/* End PBXSourcesBuildPhase section */

/* Begin PBXVariantGroup section */
		366728EC1D3EB93800E3DAE4 /* Main.storyboard */ = {
			isa = PBXVariantGroup;
			children = (
				366728ED1D3EB93800E3DAE4 /* Base */,
			);
			name = Main.storyboard;
			sourceTree = "<group>";
		};
		366728F11D3EB93800E3DAE4 /* LaunchScreen.storyboard */ = {
			isa = PBXVariantGroup;
			children = (
				366728F21D3EB93800E3DAE4 /* Base */,
			);
			name = LaunchScreen.storyboard;
			sourceTree = "<group>";
		};
/* End PBXVariantGroup section */

/* Begin XCBuildConfiguration section */
		366728F51D3EB93800E3DAE4 /* Debug */ = {
			isa = XCBuildConfiguration;
			buildSettings = {
				ALWAYS_SEARCH_USER_PATHS = NO;
				CLANG_ANALYZER_NONNULL = YES;
				CLANG_CXX_LANGUAGE_STANDARD = "gnu++0x";
				CLANG_CXX_LIBRARY = "libc++";
				CLANG_ENABLE_MODULES = YES;
				CLANG_ENABLE_OBJC_ARC = YES;
				CLANG_WARN_BOOL_CONVERSION = YES;
				CLANG_WARN_CONSTANT_CONVERSION = YES;
				CLANG_WARN_DIRECT_OBJC_ISA_USAGE = YES_ERROR;
				CLANG_WARN_DOCUMENTATION_COMMENTS = YES;
				CLANG_WARN_EMPTY_BODY = YES;
				CLANG_WARN_ENUM_CONVERSION = YES;
				CLANG_WARN_INT_CONVERSION = YES;
				CLANG_WARN_OBJC_ROOT_CLASS = YES_ERROR;
				CLANG_WARN_UNREACHABLE_CODE = YES;
				CLANG_WARN__DUPLICATE_METHOD_MATCH = YES;
				"CODE_SIGN_IDENTITY[sdk=iphoneos*]" = "iPhone Developer";
				COPY_PHASE_STRIP = NO;
				DEBUG_INFORMATION_FORMAT = dwarf;
				ENABLE_STRICT_OBJC_MSGSEND = YES;
				ENABLE_TESTABILITY = YES;
				GCC_C_LANGUAGE_STANDARD = gnu99;
				GCC_DYNAMIC_NO_PIC = NO;
				GCC_NO_COMMON_BLOCKS = YES;
				GCC_OPTIMIZATION_LEVEL = 0;
				GCC_PREPROCESSOR_DEFINITIONS = (
					"DEBUG=1",
					"$(inherited)",
				);
				GCC_WARN_64_TO_32_BIT_CONVERSION = YES;
				GCC_WARN_ABOUT_RETURN_TYPE = YES_ERROR;
				GCC_WARN_UNDECLARED_SELECTOR = YES;
				GCC_WARN_UNINITIALIZED_AUTOS = YES_AGGRESSIVE;
				GCC_WARN_UNUSED_FUNCTION = YES;
				GCC_WARN_UNUSED_VARIABLE = YES;
				IPHONEOS_DEPLOYMENT_TARGET = 10.0;
				MTL_ENABLE_DEBUG_INFO = YES;
				ONLY_ACTIVE_ARCH = YES;
				SDKROOT = iphoneos;
				SWIFT_ACTIVE_COMPILATION_CONDITIONS = DEBUG;
				SWIFT_OPTIMIZATION_LEVEL = "-Onone";
				TARGETED_DEVICE_FAMILY = "1,2";
			};
			name = Debug;
		};
		366728F61D3EB93800E3DAE4 /* Release */ = {
			isa = XCBuildConfiguration;
			buildSettings = {
				ALWAYS_SEARCH_USER_PATHS = NO;
				CLANG_ANALYZER_NONNULL = YES;
				CLANG_CXX_LANGUAGE_STANDARD = "gnu++0x";
				CLANG_CXX_LIBRARY = "libc++";
				CLANG_ENABLE_MODULES = YES;
				CLANG_ENABLE_OBJC_ARC = YES;
				CLANG_WARN_BOOL_CONVERSION = YES;
				CLANG_WARN_CONSTANT_CONVERSION = YES;
				CLANG_WARN_DIRECT_OBJC_ISA_USAGE = YES_ERROR;
				CLANG_WARN_DOCUMENTATION_COMMENTS = YES;
				CLANG_WARN_EMPTY_BODY = YES;
				CLANG_WARN_ENUM_CONVERSION = YES;
				CLANG_WARN_INT_CONVERSION = YES;
				CLANG_WARN_OBJC_ROOT_CLASS = YES_ERROR;
				CLANG_WARN_UNREACHABLE_CODE = YES;
				CLANG_WARN__DUPLICATE_METHOD_MATCH = YES;
				"CODE_SIGN_IDENTITY[sdk=iphoneos*]" = "iPhone Developer";
				COPY_PHASE_STRIP = NO;
				DEBUG_INFORMATION_FORMAT = "dwarf-with-dsym";
				ENABLE_NS_ASSERTIONS = NO;
				ENABLE_STRICT_OBJC_MSGSEND = YES;
				GCC_C_LANGUAGE_STANDARD = gnu99;
				GCC_NO_COMMON_BLOCKS = YES;
				GCC_WARN_64_TO_32_BIT_CONVERSION = YES;
				GCC_WARN_ABOUT_RETURN_TYPE = YES_ERROR;
				GCC_WARN_UNDECLARED_SELECTOR = YES;
				GCC_WARN_UNINITIALIZED_AUTOS = YES_AGGRESSIVE;
				GCC_WARN_UNUSED_FUNCTION = YES;
				GCC_WARN_UNUSED_VARIABLE = YES;
				IPHONEOS_DEPLOYMENT_TARGET = 10.0;
				MTL_ENABLE_DEBUG_INFO = NO;
				SDKROOT = iphoneos;
				SWIFT_OPTIMIZATION_LEVEL = "-Owholemodule";
				TARGETED_DEVICE_FAMILY = "1,2";
				VALIDATE_PRODUCT = YES;
			};
			name = Release;
		};
		366728F81D3EB93800E3DAE4 /* Debug */ = {
			isa = XCBuildConfiguration;
			buildSettings = {
				ASSETCATALOG_COMPILER_APPICON_NAME = AppIcon;
				INFOPLIST_FILE = xcode8/Info.plist;
				LD_RUNPATH_SEARCH_PATHS = "$(inherited) @executable_path/Frameworks";
				PRODUCT_BUNDLE_IDENTIFIER = com.creativelogics.xcode8;
				PRODUCT_NAME = "$(TARGET_NAME)";
				SWIFT_VERSION = 3.0;
			};
			name = Debug;
		};
		366728F91D3EB93800E3DAE4 /* Release */ = {
			isa = XCBuildConfiguration;
			buildSettings = {
				ASSETCATALOG_COMPILER_APPICON_NAME = AppIcon;
				INFOPLIST_FILE = xcode8/Info.plist;
				LD_RUNPATH_SEARCH_PATHS = "$(inherited) @executable_path/Frameworks";
				PRODUCT_BUNDLE_IDENTIFIER = com.creativelogics.xcode8;
				PRODUCT_NAME = "$(TARGET_NAME)";
				SWIFT_VERSION = 3.0;
			};
			name = Release;
		};
/* End XCBuildConfiguration section */

/* Begin XCConfigurationList section */
		366728E01D3EB93800E3DAE4 /* Build configuration list for PBXProject "xcode8" */ = {
			isa = XCConfigurationList;
			buildConfigurations = (
				366728F51D3EB93800E3DAE4 /* Debug */,
				366728F61D3EB93800E3DAE4 /* Release */,
			);
			defaultConfigurationIsVisible = 0;
			defaultConfigurationName = Release;
		};
		366728F71D3EB93800E3DAE4 /* Build configuration list for PBXNativeTarget "xcode8" */ = {
			isa = XCConfigurationList;
			buildConfigurations = (
				366728F81D3EB93800E3DAE4 /* Debug */,
				366728F91D3EB93800E3DAE4 /* Release */,
			);
			defaultConfigurationIsVisible = 0;
		};
/* End XCConfigurationList section */
	};
	rootObject = 366728DD1D3EB93800E3DAE4 /* Project object */;
}
